
Microsoft Visual Studio Solution File, Format Version 12.00
# Visual Studio Version 17
VisualStudioVersion = 17.4.33110.190
MinimumVisualStudioVersion = 10.0.40219.1
Project("{FAE04EC0-301F-11D3-BF4B-00C04F79EFBC}") = "ProjetoPOO2", "ProjetoPOO2.csproj", "{FCE050FD-BE36-473D-AC43-1E2181D5D03D}"
EndProject
Project("{2150E333-8FDC-42A3-9474-1A3956D46DE8}") = "Itens de Solução", "Itens de Solução", "{CB0F202E-9C76-43B0-8E20-361742075E3E}"
	ProjectSection(SolutionItems) = preProject
		Class1.cs = Class1.cs
	EndProjectSection
EndProject
Global
	GlobalSection(SolutionConfigurationPlatforms) = preSolution
		Debug|Any CPU = Debug|Any CPU
		Release|Any CPU = Release|Any CPU
	EndGlobalSection
	GlobalSection(ProjectConfigurationPlatforms) = postSolution
		{FCE050FD-BE36-473D-AC43-1E2181D5D03D}.Debug|Any CPU.ActiveCfg = Debug|Any CPU
		{FCE050FD-BE36-473D-AC43-1E2181D5D03D}.Debug|Any CPU.Build.0 = Debug|Any CPU
		{FCE050FD-BE36-473D-AC43-1E2181D5D03D}.Release|Any CPU.ActiveCfg = Release|Any CPU
		{FCE050FD-BE36-473D-AC43-1E2181D5D03D}.Release|Any CPU.Build.0 = Release|Any CPU
	EndGlobalSection
	GlobalSection(SolutionProperties) = preSolution
		HideSolutionNode = FALSE
	EndGlobalSection
	GlobalSection(ExtensibilityGlobals) = postSolution
		SolutionGuid = {49B6B912-00DB-43E2-881B-181B8AED73A8}
	EndGlobalSection
EndGlobal
